
Microsoft Visual Studio Solution File, Format Version 12.00
# Visual Studio Version 17
VisualStudioVersion = 17.5.002.0
MinimumVisualStudioVersion = 10.0.40219.1
Project("{9A19103F-16F7-4668-BE54-9A1E7A4F7556}") = "MauiAppMeuCombustivel", "MauiAppMeuCombustivel.csproj", "{A5EE5A90-DA54-423F-82BC-8E7A3F521383}"
EndProject
Global
	GlobalSection(SolutionConfigurationPlatforms) = preSolution
		Debug|Any CPU = Debug|Any CPU
		Release|Any CPU = Release|Any CPU
	EndGlobalSection
	GlobalSection(ProjectConfigurationPlatforms) = postSolution
		{A5EE5A90-DA54-423F-82BC-8E7A3F521383}.Debug|Any CPU.ActiveCfg = Debug|Any CPU
		{A5EE5A90-DA54-423F-82BC-8E7A3F521383}.Debug|Any CPU.Build.0 = Debug|Any CPU
		{A5EE5A90-DA54-423F-82BC-8E7A3F521383}.Release|Any CPU.ActiveCfg = Release|Any CPU
		{A5EE5A90-DA54-423F-82BC-8E7A3F521383}.Release|Any CPU.Build.0 = Release|Any CPU
	EndGlobalSection
	GlobalSection(SolutionProperties) = preSolution
		HideSolutionNode = FALSE
	EndGlobalSection
	GlobalSection(ExtensibilityGlobals) = postSolution
		SolutionGuid = {46ADA2AB-E7BF-42DF-9E21-A37CF73B4647}
	EndGlobalSection
EndGlobal
